// !$*UTF8*$!
{
	archiveVersion = 1;
	classes = {
	};
	objectVersion = 51;
	objects = {

/* Begin PBXBuildFile section */
		5532959927DCC00700DA82EB /* AppDelegate.swift in Sources */ = {isa = PBXBuildFile; fileRef = 5532959827DCC00700DA82EB /* AppDelegate.swift */; };
		5532959B27DCC00700DA82EB /* SceneDelegate.swift in Sources */ = {isa = PBXBuildFile; fileRef = 5532959A27DCC00700DA82EB /* SceneDelegate.swift */; };
		5532959D27DCC00700DA82EB /* ViewController.swift in Sources */ = {isa = PBXBuildFile; fileRef = 5532959C27DCC00700DA82EB /* ViewController.swift */; };
		553295A027DCC00700DA82EB /* Main.storyboard in Resources */ = {isa = PBXBuildFile; fileRef = 5532959E27DCC00700DA82EB /* Main.storyboard */; };
		553295A227DCC00A00DA82EB /* Assets.xcassets in Resources */ = {isa = PBXBuildFile; fileRef = 553295A127DCC00A00DA82EB /* Assets.xcassets */; };
		553295A527DCC00A00DA82EB /* LaunchScreen.storyboard in Resources */ = {isa = PBXBuildFile; fileRef = 553295A327DCC00A00DA82EB /* LaunchScreen.storyboard */; };
		553295B527DCC09200DA82EB /* initialPresenter.swift in Sources */ = {isa = PBXBuildFile; fileRef = 553295B427DCC09200DA82EB /* initialPresenter.swift */; };
		553295B927DCC0AA00DA82EB /* initialModel.swift in Sources */ = {isa = PBXBuildFile; fileRef = 553295B827DCC0AA00DA82EB /* initialModel.swift */; };
		553295BF27DCC2F100DA82EB /* AuthManager.swift in Sources */ = {isa = PBXBuildFile; fileRef = 553295BE27DCC2F100DA82EB /* AuthManager.swift */; };
		7303A4A427E9B4290097CED7 /* UserDefaultsManager.swift in Sources */ = {isa = PBXBuildFile; fileRef = 7303A4A327E9B4290097CED7 /* UserDefaultsManager.swift */; };
		7303A4A827E9B4BE0097CED7 /* Constants.swift in Sources */ = {isa = PBXBuildFile; fileRef = 7303A4A727E9B4BE0097CED7 /* Constants.swift */; };
		7307249927E53E2600FC2570 /* Auth.storyboard in Resources */ = {isa = PBXBuildFile; fileRef = 7307249827E53E2600FC2570 /* Auth.storyboard */; };
		7307249B27E53E8300FC2570 /* GoogleService-Info.plist in Resources */ = {isa = PBXBuildFile; fileRef = 7307249A27E53E8300FC2570 /* GoogleService-Info.plist */; };
		7307249D27E53FE900FC2570 /* SignUpVC.swift in Sources */ = {isa = PBXBuildFile; fileRef = 7307249C27E53FE900FC2570 /* SignUpVC.swift */; };
		7307249F27E5477F00FC2570 /* SignUpPresenter.swift in Sources */ = {isa = PBXBuildFile; fileRef = 7307249E27E5477F00FC2570 /* SignUpPresenter.swift */; };
		73FEE72127E880D50084533C /* ValidationManager.swift in Sources */ = {isa = PBXBuildFile; fileRef = 73FEE72027E880D50084533C /* ValidationManager.swift */; };
		73FEE72427E881490084533C /* ShowAlertsManager.swift in Sources */ = {isa = PBXBuildFile; fileRef = 73FEE72327E881490084533C /* ShowAlertsManager.swift */; };
		73FEE72627E881670084533C /* UIView+Loading.swift in Sources */ = {isa = PBXBuildFile; fileRef = 73FEE72527E881670084533C /* UIView+Loading.swift */; };
		73FEE72827E881810084533C /* String+Trimming.swift in Sources */ = {isa = PBXBuildFile; fileRef = 73FEE72727E881810084533C /* String+Trimming.swift */; };
		73FEE72A27E8CAE40084533C /* LoginVC.swift in Sources */ = {isa = PBXBuildFile; fileRef = 73FEE72927E8CAE40084533C /* LoginVC.swift */; };
		73FEE72C27E8CAFB0084533C /* LoginPresenter.swift in Sources */ = {isa = PBXBuildFile; fileRef = 73FEE72B27E8CAFB0084533C /* LoginPresenter.swift */; };
		73FEE72E27E8CFAA0084533C /* UIColor+Hex.swift in Sources */ = {isa = PBXBuildFile; fileRef = 73FEE72D27E8CFAA0084533C /* UIColor+Hex.swift */; };
		8B6CDC1FDB78CE28EF756282 /* Pods_EmotionDetectionApp.framework in Frameworks */ = {isa = PBXBuildFile; fileRef = D3B1853C485B71379CDBB1EE /* Pods_EmotionDetectionApp.framework */; };
/* End PBXBuildFile section */

/* Begin PBXFileReference section */
		5532959527DCC00700DA82EB /* EmotionDetectionApp.app */ = {isa = PBXFileReference; explicitFileType = wrapper.application; includeInIndex = 0; path = EmotionDetectionApp.app; sourceTree = BUILT_PRODUCTS_DIR; };
		5532959827DCC00700DA82EB /* AppDelegate.swift */ = {isa = PBXFileReference; lastKnownFileType = sourcecode.swift; path = AppDelegate.swift; sourceTree = "<group>"; };
		5532959A27DCC00700DA82EB /* SceneDelegate.swift */ = {isa = PBXFileReference; lastKnownFileType = sourcecode.swift; path = SceneDelegate.swift; sourceTree = "<group>"; };
		5532959C27DCC00700DA82EB /* ViewController.swift */ = {isa = PBXFileReference; lastKnownFileType = sourcecode.swift; path = ViewController.swift; sourceTree = "<group>"; };
		5532959F27DCC00700DA82EB /* Base */ = {isa = PBXFileReference; lastKnownFileType = file.storyboard; name = Base; path = Base.lproj/Main.storyboard; sourceTree = "<group>"; };
		553295A127DCC00A00DA82EB /* Assets.xcassets */ = {isa = PBXFileReference; lastKnownFileType = folder.assetcatalog; path = Assets.xcassets; sourceTree = "<group>"; };
		553295A427DCC00A00DA82EB /* Base */ = {isa = PBXFileReference; lastKnownFileType = file.storyboard; name = Base; path = Base.lproj/LaunchScreen.storyboard; sourceTree = "<group>"; };
		553295A627DCC00A00DA82EB /* Info.plist */ = {isa = PBXFileReference; lastKnownFileType = text.plist.xml; path = Info.plist; sourceTree = "<group>"; };
		553295B427DCC09200DA82EB /* initialPresenter.swift */ = {isa = PBXFileReference; lastKnownFileType = sourcecode.swift; path = initialPresenter.swift; sourceTree = "<group>"; };
		553295B827DCC0AA00DA82EB /* initialModel.swift */ = {isa = PBXFileReference; lastKnownFileType = sourcecode.swift; path = initialModel.swift; sourceTree = "<group>"; };
		553295BE27DCC2F100DA82EB /* AuthManager.swift */ = {isa = PBXFileReference; lastKnownFileType = sourcecode.swift; path = AuthManager.swift; sourceTree = "<group>"; };
		7303A4A327E9B4290097CED7 /* UserDefaultsManager.swift */ = {isa = PBXFileReference; lastKnownFileType = sourcecode.swift; path = UserDefaultsManager.swift; sourceTree = "<group>"; };
		7303A4A727E9B4BE0097CED7 /* Constants.swift */ = {isa = PBXFileReference; lastKnownFileType = sourcecode.swift; path = Constants.swift; sourceTree = "<group>"; };
		7307249827E53E2600FC2570 /* Auth.storyboard */ = {isa = PBXFileReference; lastKnownFileType = file.storyboard; path = Auth.storyboard; sourceTree = "<group>"; };
		7307249A27E53E8300FC2570 /* GoogleService-Info.plist */ = {isa = PBXFileReference; fileEncoding = 4; lastKnownFileType = text.plist.xml; path = "GoogleService-Info.plist"; sourceTree = "<group>"; };
		7307249C27E53FE900FC2570 /* SignUpVC.swift */ = {isa = PBXFileReference; lastKnownFileType = sourcecode.swift; path = SignUpVC.swift; sourceTree = "<group>"; };
		7307249E27E5477F00FC2570 /* SignUpPresenter.swift */ = {isa = PBXFileReference; lastKnownFileType = sourcecode.swift; path = SignUpPresenter.swift; sourceTree = "<group>"; };
		73FEE72027E880D50084533C /* ValidationManager.swift */ = {isa = PBXFileReference; lastKnownFileType = sourcecode.swift; path = ValidationManager.swift; sourceTree = "<group>"; };
		73FEE72327E881490084533C /* ShowAlertsManager.swift */ = {isa = PBXFileReference; lastKnownFileType = sourcecode.swift; path = ShowAlertsManager.swift; sourceTree = "<group>"; };
		73FEE72527E881670084533C /* UIView+Loading.swift */ = {isa = PBXFileReference; lastKnownFileType = sourcecode.swift; path = "UIView+Loading.swift"; sourceTree = "<group>"; };
		73FEE72727E881810084533C /* String+Trimming.swift */ = {isa = PBXFileReference; lastKnownFileType = sourcecode.swift; path = "String+Trimming.swift"; sourceTree = "<group>"; };
		73FEE72927E8CAE40084533C /* LoginVC.swift */ = {isa = PBXFileReference; lastKnownFileType = sourcecode.swift; path = LoginVC.swift; sourceTree = "<group>"; };
		73FEE72B27E8CAFB0084533C /* LoginPresenter.swift */ = {isa = PBXFileReference; lastKnownFileType = sourcecode.swift; path = LoginPresenter.swift; sourceTree = "<group>"; };
		73FEE72D27E8CFAA0084533C /* UIColor+Hex.swift */ = {isa = PBXFileReference; lastKnownFileType = sourcecode.swift; path = "UIColor+Hex.swift"; sourceTree = "<group>"; };
		918F5B45E1CA49E9DAD989DB /* Pods-EmotionDetectionApp.debug.xcconfig */ = {isa = PBXFileReference; includeInIndex = 1; lastKnownFileType = text.xcconfig; name = "Pods-EmotionDetectionApp.debug.xcconfig"; path = "Target Support Files/Pods-EmotionDetectionApp/Pods-EmotionDetectionApp.debug.xcconfig"; sourceTree = "<group>"; };
		BE0D3B1B4CA70F6CE3723E4D /* Pods-EmotionDetectionApp.release.xcconfig */ = {isa = PBXFileReference; includeInIndex = 1; lastKnownFileType = text.xcconfig; name = "Pods-EmotionDetectionApp.release.xcconfig"; path = "Target Support Files/Pods-EmotionDetectionApp/Pods-EmotionDetectionApp.release.xcconfig"; sourceTree = "<group>"; };
		D3B1853C485B71379CDBB1EE /* Pods_EmotionDetectionApp.framework */ = {isa = PBXFileReference; explicitFileType = wrapper.framework; includeInIndex = 0; path = Pods_EmotionDetectionApp.framework; sourceTree = BUILT_PRODUCTS_DIR; };
/* End PBXFileReference section */

/* Begin PBXFrameworksBuildPhase section */
		5532959227DCC00700DA82EB /* Frameworks */ = {
			isa = PBXFrameworksBuildPhase;
			buildActionMask = 2147483647;
			files = (
				8B6CDC1FDB78CE28EF756282 /* Pods_EmotionDetectionApp.framework in Frameworks */,
			);
			runOnlyForDeploymentPostprocessing = 0;
		};
/* End PBXFrameworksBuildPhase section */

/* Begin PBXGroup section */
		1C5FB171F2146F25D5A9511F /* Pods */ = {
			isa = PBXGroup;
			children = (
				918F5B45E1CA49E9DAD989DB /* Pods-EmotionDetectionApp.debug.xcconfig */,
				BE0D3B1B4CA70F6CE3723E4D /* Pods-EmotionDetectionApp.release.xcconfig */,
			);
			path = Pods;
			sourceTree = "<group>";
		};
		3F2CA0C45ACF89CA3FEE8AB6 /* Frameworks */ = {
			isa = PBXGroup;
			children = (
				D3B1853C485B71379CDBB1EE /* Pods_EmotionDetectionApp.framework */,
			);
			name = Frameworks;
			sourceTree = "<group>";
		};
		5532958C27DCC00700DA82EB = {
			isa = PBXGroup;
			children = (
				5532959727DCC00700DA82EB /* EmotionDetectionApp */,
				5532959627DCC00700DA82EB /* Products */,
				1C5FB171F2146F25D5A9511F /* Pods */,
				3F2CA0C45ACF89CA3FEE8AB6 /* Frameworks */,
			);
			sourceTree = "<group>";
		};
		5532959627DCC00700DA82EB /* Products */ = {
			isa = PBXGroup;
			children = (
				5532959527DCC00700DA82EB /* EmotionDetectionApp.app */,
			);
			name = Products;
			sourceTree = "<group>";
		};
		5532959727DCC00700DA82EB /* EmotionDetectionApp */ = {
			isa = PBXGroup;
			children = (
				7303A4A627E9B4A80097CED7 /* Utilities */,
				73FEE72227E881220084533C /* Extensions */,
				553295BC27DCC0D900DA82EB /* Managers */,
				553295B227DCC07800DA82EB /* Models */,
				553295B027DCC05400DA82EB /* Views */,
				553295B327DCC08100DA82EB /* Presenters */,
				553295AF27DCC03500DA82EB /* Controllers */,
				553295AD27DCC01700DA82EB /* Resources */,
				553295A627DCC00A00DA82EB /* Info.plist */,
				7307249A27E53E8300FC2570 /* GoogleService-Info.plist */,
			);
			path = EmotionDetectionApp;
			sourceTree = "<group>";
		};
		553295AD27DCC01700DA82EB /* Resources */ = {
			isa = PBXGroup;
			children = (
				5532959827DCC00700DA82EB /* AppDelegate.swift */,
				5532959A27DCC00700DA82EB /* SceneDelegate.swift */,
				553295A127DCC00A00DA82EB /* Assets.xcassets */,
			);
			path = Resources;
			sourceTree = "<group>";
		};
		553295AF27DCC03500DA82EB /* Controllers */ = {
			isa = PBXGroup;
			children = (
				5532959C27DCC00700DA82EB /* ViewController.swift */,
				7307249C27E53FE900FC2570 /* SignUpVC.swift */,
				73FEE72927E8CAE40084533C /* LoginVC.swift */,
			);
			path = Controllers;
			sourceTree = "<group>";
		};
		553295B027DCC05400DA82EB /* Views */ = {
			isa = PBXGroup;
			children = (
				553295B127DCC05B00DA82EB /* storyboards */,
			);
			path = Views;
			sourceTree = "<group>";
		};
		553295B127DCC05B00DA82EB /* storyboards */ = {
			isa = PBXGroup;
			children = (
				5532959E27DCC00700DA82EB /* Main.storyboard */,
				553295A327DCC00A00DA82EB /* LaunchScreen.storyboard */,
				7307249827E53E2600FC2570 /* Auth.storyboard */,
			);
			path = storyboards;
			sourceTree = "<group>";
		};
		553295B227DCC07800DA82EB /* Models */ = {
			isa = PBXGroup;
			children = (
				553295B827DCC0AA00DA82EB /* initialModel.swift */,
			);
			path = Models;
			sourceTree = "<group>";
		};
		553295B327DCC08100DA82EB /* Presenters */ = {
			isa = PBXGroup;
			children = (
				553295B427DCC09200DA82EB /* initialPresenter.swift */,
				7307249E27E5477F00FC2570 /* SignUpPresenter.swift */,
				73FEE72B27E8CAFB0084533C /* LoginPresenter.swift */,
			);
			path = Presenters;
			sourceTree = "<group>";
		};
		553295BC27DCC0D900DA82EB /* Managers */ = {
			isa = PBXGroup;
			children = (
				553295BE27DCC2F100DA82EB /* AuthManager.swift */,
				73FEE72027E880D50084533C /* ValidationManager.swift */,
				7303A4A327E9B4290097CED7 /* UserDefaultsManager.swift */,
			);
			path = Managers;
			sourceTree = "<group>";
		};
		7303A4A627E9B4A80097CED7 /* Utilities */ = {
			isa = PBXGroup;
			children = (
				7303A4A727E9B4BE0097CED7 /* Constants.swift */,
			);
			path = Utilities;
			sourceTree = "<group>";
		};
		73FEE72227E881220084533C /* Extensions */ = {
			isa = PBXGroup;
			children = (
				73FEE72327E881490084533C /* ShowAlertsManager.swift */,
				73FEE72527E881670084533C /* UIView+Loading.swift */,
				73FEE72727E881810084533C /* String+Trimming.swift */,
				73FEE72D27E8CFAA0084533C /* UIColor+Hex.swift */,
			);
			path = Extensions;
			sourceTree = "<group>";
		};
/* End PBXGroup section */

/* Begin PBXNativeTarget section */
		5532959427DCC00700DA82EB /* EmotionDetectionApp */ = {
			isa = PBXNativeTarget;
			buildConfigurationList = 553295A927DCC00A00DA82EB /* Build configuration list for PBXNativeTarget "EmotionDetectionApp" */;
			buildPhases = (
				6524B55ED06B8D07171F548C /* [CP] Check Pods Manifest.lock */,
				5532959127DCC00700DA82EB /* Sources */,
				5532959227DCC00700DA82EB /* Frameworks */,
				5532959327DCC00700DA82EB /* Resources */,
				6A32A311988690AA949B3F9A /* [CP] Embed Pods Frameworks */,
			);
			buildRules = (
			);
			dependencies = (
			);
			name = EmotionDetectionApp;
			productName = EmotionDetectionApp;
			productReference = 5532959527DCC00700DA82EB /* EmotionDetectionApp.app */;
			productType = "com.apple.product-type.application";
		};
/* End PBXNativeTarget section */

/* Begin PBXProject section */
		5532958D27DCC00700DA82EB /* Project object */ = {
			isa = PBXProject;
			attributes = {
				LastSwiftUpdateCheck = 1240;
				LastUpgradeCheck = 1240;
				TargetAttributes = {
					5532959427DCC00700DA82EB = {
						CreatedOnToolsVersion = 12.4;
					};
				};
			};
			buildConfigurationList = 5532959027DCC00700DA82EB /* Build configuration list for PBXProject "EmotionDetectionApp" */;
			compatibilityVersion = "Xcode 9.3";
			developmentRegion = en;
			hasScannedForEncodings = 0;
			knownRegions = (
				en,
				Base,
			);
			mainGroup = 5532958C27DCC00700DA82EB;
			productRefGroup = 5532959627DCC00700DA82EB /* Products */;
			projectDirPath = "";
			projectRoot = "";
			targets = (
				5532959427DCC00700DA82EB /* EmotionDetectionApp */,
			);
		};
/* End PBXProject section */

/* Begin PBXResourcesBuildPhase section */
		5532959327DCC00700DA82EB /* Resources */ = {
			isa = PBXResourcesBuildPhase;
			buildActionMask = 2147483647;
			files = (
				7307249927E53E2600FC2570 /* Auth.storyboard in Resources */,
				553295A527DCC00A00DA82EB /* LaunchScreen.storyboard in Resources */,
				553295A227DCC00A00DA82EB /* Assets.xcassets in Resources */,
				553295A027DCC00700DA82EB /* Main.storyboard in Resources */,
				7307249B27E53E8300FC2570 /* GoogleService-Info.plist in Resources */,
			);
			runOnlyForDeploymentPostprocessing = 0;
		};
/* End PBXResourcesBuildPhase section */

/* Begin PBXShellScriptBuildPhase section */
		6524B55ED06B8D07171F548C /* [CP] Check Pods Manifest.lock */ = {
			isa = PBXShellScriptBuildPhase;
			buildActionMask = 2147483647;
			files = (
			);
			inputFileListPaths = (
			);
			inputPaths = (
				"${PODS_PODFILE_DIR_PATH}/Podfile.lock",
				"${PODS_ROOT}/Manifest.lock",
			);
			name = "[CP] Check Pods Manifest.lock";
			outputFileListPaths = (
			);
			outputPaths = (
				"$(DERIVED_FILE_DIR)/Pods-EmotionDetectionApp-checkManifestLockResult.txt",
			);
			runOnlyForDeploymentPostprocessing = 0;
			shellPath = /bin/sh;
			shellScript = "diff \"${PODS_PODFILE_DIR_PATH}/Podfile.lock\" \"${PODS_ROOT}/Manifest.lock\" > /dev/null\nif [ $? != 0 ] ; then\n    # print error to STDERR\n    echo \"error: The sandbox is not in sync with the Podfile.lock. Run 'pod install' or update your CocoaPods installation.\" >&2\n    exit 1\nfi\n# This output is used by Xcode 'outputs' to avoid re-running this script phase.\necho \"SUCCESS\" > \"${SCRIPT_OUTPUT_FILE_0}\"\n";
			showEnvVarsInLog = 0;
		};
		6A32A311988690AA949B3F9A /* [CP] Embed Pods Frameworks */ = {
			isa = PBXShellScriptBuildPhase;
			buildActionMask = 2147483647;
			files = (
			);
			inputFileListPaths = (
				"${PODS_ROOT}/Target Support Files/Pods-EmotionDetectionApp/Pods-EmotionDetectionApp-frameworks-${CONFIGURATION}-input-files.xcfilelist",
			);
			name = "[CP] Embed Pods Frameworks";
			outputFileListPaths = (
				"${PODS_ROOT}/Target Support Files/Pods-EmotionDetectionApp/Pods-EmotionDetectionApp-frameworks-${CONFIGURATION}-output-files.xcfilelist",
			);
			runOnlyForDeploymentPostprocessing = 0;
			shellPath = /bin/sh;
			shellScript = "\"${PODS_ROOT}/Target Support Files/Pods-EmotionDetectionApp/Pods-EmotionDetectionApp-frameworks.sh\"\n";
			showEnvVarsInLog = 0;
		};
/* End PBXShellScriptBuildPhase section */

/* Begin PBXSourcesBuildPhase section */
		5532959127DCC00700DA82EB /* Sources */ = {
			isa = PBXSourcesBuildPhase;
			buildActionMask = 2147483647;
			files = (
				7307249D27E53FE900FC2570 /* SignUpVC.swift in Sources */,
				73FEE72427E881490084533C /* ShowAlertsManager.swift in Sources */,
				73FEE72C27E8CAFB0084533C /* LoginPresenter.swift in Sources */,
				553295B527DCC09200DA82EB /* initialPresenter.swift in Sources */,
				553295BF27DCC2F100DA82EB /* AuthManager.swift in Sources */,
				7303A4A427E9B4290097CED7 /* UserDefaultsManager.swift in Sources */,
				73FEE72127E880D50084533C /* ValidationManager.swift in Sources */,
				553295B927DCC0AA00DA82EB /* initialModel.swift in Sources */,
				5532959D27DCC00700DA82EB /* ViewController.swift in Sources */,
				5532959927DCC00700DA82EB /* AppDelegate.swift in Sources */,
				73FEE72E27E8CFAA0084533C /* UIColor+Hex.swift in Sources */,
				73FEE72627E881670084533C /* UIView+Loading.swift in Sources */,
				73FEE72A27E8CAE40084533C /* LoginVC.swift in Sources */,
				73FEE72827E881810084533C /* String+Trimming.swift in Sources */,
				7303A4A827E9B4BE0097CED7 /* Constants.swift in Sources */,
				7307249F27E5477F00FC2570 /* SignUpPresenter.swift in Sources */,
				5532959B27DCC00700DA82EB /* SceneDelegate.swift in Sources */,
			);
			runOnlyForDeploymentPostprocessing = 0;
		};
/* End PBXSourcesBuildPhase section */

/* Begin PBXVariantGroup section */
		5532959E27DCC00700DA82EB /* Main.storyboard */ = {
			isa = PBXVariantGroup;
			children = (
				5532959F27DCC00700DA82EB /* Base */,
			);
			name = Main.storyboard;
			sourceTree = "<group>";
		};
		553295A327DCC00A00DA82EB /* LaunchScreen.storyboard */ = {
			isa = PBXVariantGroup;
			children = (
				553295A427DCC00A00DA82EB /* Base */,
			);
			name = LaunchScreen.storyboard;
			sourceTree = "<group>";
		};
/* End PBXVariantGroup section */

/* Begin XCBuildConfiguration section */
		553295A727DCC00A00DA82EB /* Debug */ = {
			isa = XCBuildConfiguration;
			buildSettings = {
				ALWAYS_SEARCH_USER_PATHS = NO;
				CLANG_ANALYZER_NONNULL = YES;
				CLANG_ANALYZER_NUMBER_OBJECT_CONVERSION = YES_AGGRESSIVE;
				CLANG_CXX_LANGUAGE_STANDARD = "gnu++14";
				CLANG_CXX_LIBRARY = "libc++";
				CLANG_ENABLE_MODULES = YES;
				CLANG_ENABLE_OBJC_ARC = YES;
				CLANG_ENABLE_OBJC_WEAK = YES;
				CLANG_WARN_BLOCK_CAPTURE_AUTORELEASING = YES;
				CLANG_WARN_BOOL_CONVERSION = YES;
				CLANG_WARN_COMMA = YES;
				CLANG_WARN_CONSTANT_CONVERSION = YES;
				CLANG_WARN_DEPRECATED_OBJC_IMPLEMENTATIONS = YES;
				CLANG_WARN_DIRECT_OBJC_ISA_USAGE = YES_ERROR;
				CLANG_WARN_DOCUMENTATION_COMMENTS = YES;
				CLANG_WARN_EMPTY_BODY = YES;
				CLANG_WARN_ENUM_CONVERSION = YES;
				CLANG_WARN_INFINITE_RECURSION = YES;
				CLANG_WARN_INT_CONVERSION = YES;
				CLANG_WARN_NON_LITERAL_NULL_CONVERSION = YES;
				CLANG_WARN_OBJC_IMPLICIT_RETAIN_SELF = YES;
				CLANG_WARN_OBJC_LITERAL_CONVERSION = YES;
				CLANG_WARN_OBJC_ROOT_CLASS = YES_ERROR;
				CLANG_WARN_QUOTED_INCLUDE_IN_FRAMEWORK_HEADER = YES;
				CLANG_WARN_RANGE_LOOP_ANALYSIS = YES;
				CLANG_WARN_STRICT_PROTOTYPES = YES;
				CLANG_WARN_SUSPICIOUS_MOVE = YES;
				CLANG_WARN_UNGUARDED_AVAILABILITY = YES_AGGRESSIVE;
				CLANG_WARN_UNREACHABLE_CODE = YES;
				CLANG_WARN__DUPLICATE_METHOD_MATCH = YES;
				COPY_PHASE_STRIP = NO;
				DEBUG_INFORMATION_FORMAT = dwarf;
				ENABLE_STRICT_OBJC_MSGSEND = YES;
				ENABLE_TESTABILITY = YES;
				GCC_C_LANGUAGE_STANDARD = gnu11;
				GCC_DYNAMIC_NO_PIC = NO;
				GCC_NO_COMMON_BLOCKS = YES;
				GCC_OPTIMIZATION_LEVEL = 0;
				GCC_PREPROCESSOR_DEFINITIONS = (
					"DEBUG=1",
					"$(inherited)",
				);
				GCC_WARN_64_TO_32_BIT_CONVERSION = YES;
				GCC_WARN_ABOUT_RETURN_TYPE = YES_ERROR;
				GCC_WARN_UNDECLARED_SELECTOR = YES;
				GCC_WARN_UNINITIALIZED_AUTOS = YES_AGGRESSIVE;
				GCC_WARN_UNUSED_FUNCTION = YES;
				GCC_WARN_UNUSED_VARIABLE = YES;
				IPHONEOS_DEPLOYMENT_TARGET = 13.0;
				MTL_ENABLE_DEBUG_INFO = INCLUDE_SOURCE;
				MTL_FAST_MATH = YES;
				ONLY_ACTIVE_ARCH = YES;
				SDKROOT = iphoneos;
				SWIFT_ACTIVE_COMPILATION_CONDITIONS = DEBUG;
				SWIFT_OPTIMIZATION_LEVEL = "-Onone";
			};
			name = Debug;
		};
		553295A827DCC00A00DA82EB /* Release */ = {
			isa = XCBuildConfiguration;
			buildSettings = {
				ALWAYS_SEARCH_USER_PATHS = NO;
				CLANG_ANALYZER_NONNULL = YES;
				CLANG_ANALYZER_NUMBER_OBJECT_CONVERSION = YES_AGGRESSIVE;
				CLANG_CXX_LANGUAGE_STANDARD = "gnu++14";
				CLANG_CXX_LIBRARY = "libc++";
				CLANG_ENABLE_MODULES = YES;
				CLANG_ENABLE_OBJC_ARC = YES;
				CLANG_ENABLE_OBJC_WEAK = YES;
				CLANG_WARN_BLOCK_CAPTURE_AUTORELEASING = YES;
				CLANG_WARN_BOOL_CONVERSION = YES;
				CLANG_WARN_COMMA = YES;
				CLANG_WARN_CONSTANT_CONVERSION = YES;
				CLANG_WARN_DEPRECATED_OBJC_IMPLEMENTATIONS = YES;
				CLANG_WARN_DIRECT_OBJC_ISA_USAGE = YES_ERROR;
				CLANG_WARN_DOCUMENTATION_COMMENTS = YES;
				CLANG_WARN_EMPTY_BODY = YES;
				CLANG_WARN_ENUM_CONVERSION = YES;
				CLANG_WARN_INFINITE_RECURSION = YES;
				CLANG_WARN_INT_CONVERSION = YES;
				CLANG_WARN_NON_LITERAL_NULL_CONVERSION = YES;
				CLANG_WARN_OBJC_IMPLICIT_RETAIN_SELF = YES;
				CLANG_WARN_OBJC_LITERAL_CONVERSION = YES;
				CLANG_WARN_OBJC_ROOT_CLASS = YES_ERROR;
				CLANG_WARN_QUOTED_INCLUDE_IN_FRAMEWORK_HEADER = YES;
				CLANG_WARN_RANGE_LOOP_ANALYSIS = YES;
				CLANG_WARN_STRICT_PROTOTYPES = YES;
				CLANG_WARN_SUSPICIOUS_MOVE = YES;
				CLANG_WARN_UNGUARDED_AVAILABILITY = YES_AGGRESSIVE;
				CLANG_WARN_UNREACHABLE_CODE = YES;
				CLANG_WARN__DUPLICATE_METHOD_MATCH = YES;
				COPY_PHASE_STRIP = NO;
				DEBUG_INFORMATION_FORMAT = "dwarf-with-dsym";
				ENABLE_NS_ASSERTIONS = NO;
				ENABLE_STRICT_OBJC_MSGSEND = YES;
				GCC_C_LANGUAGE_STANDARD = gnu11;
				GCC_NO_COMMON_BLOCKS = YES;
				GCC_WARN_64_TO_32_BIT_CONVERSION = YES;
				GCC_WARN_ABOUT_RETURN_TYPE = YES_ERROR;
				GCC_WARN_UNDECLARED_SELECTOR = YES;
				GCC_WARN_UNINITIALIZED_AUTOS = YES_AGGRESSIVE;
				GCC_WARN_UNUSED_FUNCTION = YES;
				GCC_WARN_UNUSED_VARIABLE = YES;
				IPHONEOS_DEPLOYMENT_TARGET = 13.0;
				MTL_ENABLE_DEBUG_INFO = NO;
				MTL_FAST_MATH = YES;
				SDKROOT = iphoneos;
				SWIFT_COMPILATION_MODE = wholemodule;
				SWIFT_OPTIMIZATION_LEVEL = "-O";
				VALIDATE_PRODUCT = YES;
			};
			name = Release;
		};
		553295AA27DCC00A00DA82EB /* Debug */ = {
			isa = XCBuildConfiguration;
			baseConfigurationReference = 918F5B45E1CA49E9DAD989DB /* Pods-EmotionDetectionApp.debug.xcconfig */;
			buildSettings = {
				ASSETCATALOG_COMPILER_APPICON_NAME = AppIcon;
				ASSETCATALOG_COMPILER_GLOBAL_ACCENT_COLOR_NAME = AccentColor;
				CODE_SIGN_STYLE = Automatic;
				DEVELOPMENT_TEAM = TCD4XHJF85;
				INFOPLIST_FILE = EmotionDetectionApp/Info.plist;
				IPHONEOS_DEPLOYMENT_TARGET = 13.0;
				LD_RUNPATH_SEARCH_PATHS = (
					"$(inherited)",
					"@executable_path/Frameworks",
				);
				PRODUCT_BUNDLE_IDENTIFIER = co.sliem.EmotionDetectionApp;
				PRODUCT_NAME = "$(TARGET_NAME)";
				SWIFT_VERSION = 5.0;
				TARGETED_DEVICE_FAMILY = 1;
			};
			name = Debug;
		};
		553295AB27DCC00A00DA82EB /* Release */ = {
			isa = XCBuildConfiguration;
			baseConfigurationReference = BE0D3B1B4CA70F6CE3723E4D /* Pods-EmotionDetectionApp.release.xcconfig */;
			buildSettings = {
				ASSETCATALOG_COMPILER_APPICON_NAME = AppIcon;
				ASSETCATALOG_COMPILER_GLOBAL_ACCENT_COLOR_NAME = AccentColor;
				CODE_SIGN_STYLE = Automatic;
				DEVELOPMENT_TEAM = TCD4XHJF85;
				INFOPLIST_FILE = EmotionDetectionApp/Info.plist;
				IPHONEOS_DEPLOYMENT_TARGET = 13.0;
				LD_RUNPATH_SEARCH_PATHS = (
					"$(inherited)",
					"@executable_path/Frameworks",
				);
				PRODUCT_BUNDLE_IDENTIFIER = co.sliem.EmotionDetectionApp;
				PRODUCT_NAME = "$(TARGET_NAME)";
				SWIFT_VERSION = 5.0;
				TARGETED_DEVICE_FAMILY = 1;
			};
			name = Release;
		};
/* End XCBuildConfiguration section */

/* Begin XCConfigurationList section */
		5532959027DCC00700DA82EB /* Build configuration list for PBXProject "EmotionDetectionApp" */ = {
			isa = XCConfigurationList;
			buildConfigurations = (
				553295A727DCC00A00DA82EB /* Debug */,
				553295A827DCC00A00DA82EB /* Release */,
			);
			defaultConfigurationIsVisible = 0;
			defaultConfigurationName = Release;
		};
		553295A927DCC00A00DA82EB /* Build configuration list for PBXNativeTarget "EmotionDetectionApp" */ = {
			isa = XCConfigurationList;
			buildConfigurations = (
				553295AA27DCC00A00DA82EB /* Debug */,
				553295AB27DCC00A00DA82EB /* Release */,
			);
			defaultConfigurationIsVisible = 0;
			defaultConfigurationName = Release;
		};
/* End XCConfigurationList section */
	};
	rootObject = 5532958D27DCC00700DA82EB /* Project object */;
}
