// !$*UTF8*$!
{
	archiveVersion = 1;
	classes = {
	};
	objectVersion = 51;
	objects = {

/* Begin PBXBuildFile section */
		122897C35531AF7BF5C091CD /* Pods_EmotionDetectionApp.framework in Frameworks */ = {isa = PBXBuildFile; fileRef = A9AACD8D7CCA80E05C53E4CB /* Pods_EmotionDetectionApp.framework */; };
		5532959927DCC00700DA82EB /* AppDelegate.swift in Sources */ = {isa = PBXBuildFile; fileRef = 5532959827DCC00700DA82EB /* AppDelegate.swift */; };
		5532959B27DCC00700DA82EB /* SceneDelegate.swift in Sources */ = {isa = PBXBuildFile; fileRef = 5532959A27DCC00700DA82EB /* SceneDelegate.swift */; };
		5532959D27DCC00700DA82EB /* ViewController.swift in Sources */ = {isa = PBXBuildFile; fileRef = 5532959C27DCC00700DA82EB /* ViewController.swift */; };
		553295A027DCC00700DA82EB /* Main.storyboard in Resources */ = {isa = PBXBuildFile; fileRef = 5532959E27DCC00700DA82EB /* Main.storyboard */; };
		553295A227DCC00A00DA82EB /* Assets.xcassets in Resources */ = {isa = PBXBuildFile; fileRef = 553295A127DCC00A00DA82EB /* Assets.xcassets */; };
		553295A527DCC00A00DA82EB /* LaunchScreen.storyboard in Resources */ = {isa = PBXBuildFile; fileRef = 553295A327DCC00A00DA82EB /* LaunchScreen.storyboard */; };
		553295B527DCC09200DA82EB /* initialPre.swift in Sources */ = {isa = PBXBuildFile; fileRef = 553295B427DCC09200DA82EB /* initialPre.swift */; };
		553295B927DCC0AA00DA82EB /* initialMod.swift in Sources */ = {isa = PBXBuildFile; fileRef = 553295B827DCC0AA00DA82EB /* initialMod.swift */; };
		553295BF27DCC2F100DA82EB /* AuthManager.swift in Sources */ = {isa = PBXBuildFile; fileRef = 553295BE27DCC2F100DA82EB /* AuthManager.swift */; };
		553426F827DD353B0079F268 /* Dashboard.storyboard in Resources */ = {isa = PBXBuildFile; fileRef = 553426F727DD353B0079F268 /* Dashboard.storyboard */; };
		553426FC27DD5B950079F268 /* Extenstions.swift in Sources */ = {isa = PBXBuildFile; fileRef = 553426FB27DD5B950079F268 /* Extenstions.swift */; };
		554F797427DE4715003A97C4 /* DashboardPresenter.swift in Sources */ = {isa = PBXBuildFile; fileRef = 554F797327DE4715003A97C4 /* DashboardPresenter.swift */; };
		554F797827DE5A61003A97C4 /* RecommendationCell.swift in Sources */ = {isa = PBXBuildFile; fileRef = 554F797727DE5A61003A97C4 /* RecommendationCell.swift */; };
		554F797E27DE8C73003A97C4 /* callAnalysis.storyboard in Resources */ = {isa = PBXBuildFile; fileRef = 554F797D27DE8C73003A97C4 /* callAnalysis.storyboard */; };
		5556C47327ECC5E000B7967D /* YAxisData.swift in Sources */ = {isa = PBXBuildFile; fileRef = 5556C47227ECC5E000B7967D /* YAxisData.swift */; };
		5556C47B27ED2D8D00B7967D /* XAxisData.swift in Sources */ = {isa = PBXBuildFile; fileRef = 5556C47A27ED2D8D00B7967D /* XAxisData.swift */; };
		5562766D27DCCEC700012A49 /* DashboardVC.swift in Sources */ = {isa = PBXBuildFile; fileRef = 5562766C27DCCEC700012A49 /* DashboardVC.swift */; };
		55796A5427E0303600FAAF89 /* CircularStd-Black.otf in Resources */ = {isa = PBXBuildFile; fileRef = 55796A5027E0303600FAAF89 /* CircularStd-Black.otf */; };
		55796A5527E0303600FAAF89 /* CircularStd-Bold.otf in Resources */ = {isa = PBXBuildFile; fileRef = 55796A5127E0303600FAAF89 /* CircularStd-Bold.otf */; };
		55796A5627E0303600FAAF89 /* CircularStd-Medium.otf in Resources */ = {isa = PBXBuildFile; fileRef = 55796A5227E0303600FAAF89 /* CircularStd-Medium.otf */; };
		55796A5727E0303600FAAF89 /* CircularStd-Light.otf in Resources */ = {isa = PBXBuildFile; fileRef = 55796A5327E0303600FAAF89 /* CircularStd-Light.otf */; };
/* End PBXBuildFile section */

/* Begin PBXFileReference section */
		11AA4048ED81DE6D8466CF6F /* Pods-EmotionDetectionApp.release.xcconfig */ = {isa = PBXFileReference; includeInIndex = 1; lastKnownFileType = text.xcconfig; name = "Pods-EmotionDetectionApp.release.xcconfig"; path = "Target Support Files/Pods-EmotionDetectionApp/Pods-EmotionDetectionApp.release.xcconfig"; sourceTree = "<group>"; };
		5532959527DCC00700DA82EB /* EmotionDetectionApp.app */ = {isa = PBXFileReference; explicitFileType = wrapper.application; includeInIndex = 0; path = EmotionDetectionApp.app; sourceTree = BUILT_PRODUCTS_DIR; };
		5532959827DCC00700DA82EB /* AppDelegate.swift */ = {isa = PBXFileReference; lastKnownFileType = sourcecode.swift; path = AppDelegate.swift; sourceTree = "<group>"; };
		5532959A27DCC00700DA82EB /* SceneDelegate.swift */ = {isa = PBXFileReference; lastKnownFileType = sourcecode.swift; path = SceneDelegate.swift; sourceTree = "<group>"; };
		5532959C27DCC00700DA82EB /* ViewController.swift */ = {isa = PBXFileReference; lastKnownFileType = sourcecode.swift; path = ViewController.swift; sourceTree = "<group>"; };
		5532959F27DCC00700DA82EB /* Base */ = {isa = PBXFileReference; lastKnownFileType = file.storyboard; name = Base; path = Base.lproj/Main.storyboard; sourceTree = "<group>"; };
		553295A127DCC00A00DA82EB /* Assets.xcassets */ = {isa = PBXFileReference; lastKnownFileType = folder.assetcatalog; path = Assets.xcassets; sourceTree = "<group>"; };
		553295A427DCC00A00DA82EB /* Base */ = {isa = PBXFileReference; lastKnownFileType = file.storyboard; name = Base; path = Base.lproj/LaunchScreen.storyboard; sourceTree = "<group>"; };
		553295A627DCC00A00DA82EB /* Info.plist */ = {isa = PBXFileReference; lastKnownFileType = text.plist.xml; path = Info.plist; sourceTree = "<group>"; };
		553295B427DCC09200DA82EB /* initialPre.swift */ = {isa = PBXFileReference; lastKnownFileType = sourcecode.swift; path = initialPre.swift; sourceTree = "<group>"; };
		553295B827DCC0AA00DA82EB /* initialMod.swift */ = {isa = PBXFileReference; lastKnownFileType = sourcecode.swift; path = initialMod.swift; sourceTree = "<group>"; };
		553295BE27DCC2F100DA82EB /* AuthManager.swift */ = {isa = PBXFileReference; lastKnownFileType = sourcecode.swift; path = AuthManager.swift; sourceTree = "<group>"; };
		553426F727DD353B0079F268 /* Dashboard.storyboard */ = {isa = PBXFileReference; lastKnownFileType = file.storyboard; path = Dashboard.storyboard; sourceTree = "<group>"; };
		553426FB27DD5B950079F268 /* Extenstions.swift */ = {isa = PBXFileReference; lastKnownFileType = sourcecode.swift; path = Extenstions.swift; sourceTree = "<group>"; };
		554F797327DE4715003A97C4 /* DashboardPresenter.swift */ = {isa = PBXFileReference; lastKnownFileType = sourcecode.swift; path = DashboardPresenter.swift; sourceTree = "<group>"; };
		554F797727DE5A61003A97C4 /* RecommendationCell.swift */ = {isa = PBXFileReference; lastKnownFileType = sourcecode.swift; path = RecommendationCell.swift; sourceTree = "<group>"; };
		554F797D27DE8C73003A97C4 /* callAnalysis.storyboard */ = {isa = PBXFileReference; lastKnownFileType = file.storyboard; path = callAnalysis.storyboard; sourceTree = "<group>"; };
		5556C47227ECC5E000B7967D /* YAxisData.swift */ = {isa = PBXFileReference; lastKnownFileType = sourcecode.swift; path = YAxisData.swift; sourceTree = "<group>"; };
		5556C47A27ED2D8D00B7967D /* XAxisData.swift */ = {isa = PBXFileReference; lastKnownFileType = sourcecode.swift; path = XAxisData.swift; sourceTree = "<group>"; };
		5562766C27DCCEC700012A49 /* DashboardVC.swift */ = {isa = PBXFileReference; lastKnownFileType = sourcecode.swift; path = DashboardVC.swift; sourceTree = "<group>"; };
		55796A5027E0303600FAAF89 /* CircularStd-Black.otf */ = {isa = PBXFileReference; lastKnownFileType = file; path = "CircularStd-Black.otf"; sourceTree = "<group>"; };
		55796A5127E0303600FAAF89 /* CircularStd-Bold.otf */ = {isa = PBXFileReference; lastKnownFileType = file; path = "CircularStd-Bold.otf"; sourceTree = "<group>"; };
		55796A5227E0303600FAAF89 /* CircularStd-Medium.otf */ = {isa = PBXFileReference; lastKnownFileType = file; path = "CircularStd-Medium.otf"; sourceTree = "<group>"; };
		55796A5327E0303600FAAF89 /* CircularStd-Light.otf */ = {isa = PBXFileReference; lastKnownFileType = file; path = "CircularStd-Light.otf"; sourceTree = "<group>"; };
		6201F5B463AF82A4F3CC9F24 /* Pods-EmotionDetectionApp.debug.xcconfig */ = {isa = PBXFileReference; includeInIndex = 1; lastKnownFileType = text.xcconfig; name = "Pods-EmotionDetectionApp.debug.xcconfig"; path = "Target Support Files/Pods-EmotionDetectionApp/Pods-EmotionDetectionApp.debug.xcconfig"; sourceTree = "<group>"; };
		A9AACD8D7CCA80E05C53E4CB /* Pods_EmotionDetectionApp.framework */ = {isa = PBXFileReference; explicitFileType = wrapper.framework; includeInIndex = 0; path = Pods_EmotionDetectionApp.framework; sourceTree = BUILT_PRODUCTS_DIR; };
/* End PBXFileReference section */

/* Begin PBXFrameworksBuildPhase section */
		5532959227DCC00700DA82EB /* Frameworks */ = {
			isa = PBXFrameworksBuildPhase;
			buildActionMask = 2147483647;
			files = (
				122897C35531AF7BF5C091CD /* Pods_EmotionDetectionApp.framework in Frameworks */,
			);
			runOnlyForDeploymentPostprocessing = 0;
		};
/* End PBXFrameworksBuildPhase section */

/* Begin PBXGroup section */
		29FB2BF887C673E8281450EA /* Frameworks */ = {
			isa = PBXGroup;
			children = (
				A9AACD8D7CCA80E05C53E4CB /* Pods_EmotionDetectionApp.framework */,
			);
			name = Frameworks;
			sourceTree = "<group>";
		};
		5532958C27DCC00700DA82EB = {
			isa = PBXGroup;
			children = (
				5532959727DCC00700DA82EB /* EmotionDetectionApp */,
				5532959627DCC00700DA82EB /* Products */,
				827B0E5EE63CB8E71659C4B0 /* Pods */,
				29FB2BF887C673E8281450EA /* Frameworks */,
			);
			sourceTree = "<group>";
		};
		5532959627DCC00700DA82EB /* Products */ = {
			isa = PBXGroup;
			children = (
				5532959527DCC00700DA82EB /* EmotionDetectionApp.app */,
			);
			name = Products;
			sourceTree = "<group>";
		};
		5532959727DCC00700DA82EB /* EmotionDetectionApp */ = {
			isa = PBXGroup;
			children = (
				553295BC27DCC0D900DA82EB /* Managers */,
				553295B227DCC07800DA82EB /* Models */,
				553295B027DCC05400DA82EB /* Views */,
				553295B327DCC08100DA82EB /* Presenters */,
				553295AF27DCC03500DA82EB /* Controllers */,
				553295AD27DCC01700DA82EB /* Resources */,
				553295A627DCC00A00DA82EB /* Info.plist */,
			);
			path = EmotionDetectionApp;
			sourceTree = "<group>";
		};
		553295AD27DCC01700DA82EB /* Resources */ = {
			isa = PBXGroup;
			children = (
				55796A4F27E0303600FAAF89 /* Fonts */,
				5532959827DCC00700DA82EB /* AppDelegate.swift */,
				5532959A27DCC00700DA82EB /* SceneDelegate.swift */,
				553295A127DCC00A00DA82EB /* Assets.xcassets */,
				553426FB27DD5B950079F268 /* Extenstions.swift */,
			);
			path = Resources;
			sourceTree = "<group>";
		};
		553295AF27DCC03500DA82EB /* Controllers */ = {
			isa = PBXGroup;
			children = (
				5562766B27DCCEAD00012A49 /* Dashboard */,
				5532959C27DCC00700DA82EB /* ViewController.swift */,
			);
			path = Controllers;
			sourceTree = "<group>";
		};
		553295B027DCC05400DA82EB /* Views */ = {
			isa = PBXGroup;
			children = (
				554F797627DE5A44003A97C4 /* Dashboard */,
				553295B127DCC05B00DA82EB /* storyboards */,
			);
			path = Views;
			sourceTree = "<group>";
		};
		553295B127DCC05B00DA82EB /* storyboards */ = {
			isa = PBXGroup;
			children = (
				5532959E27DCC00700DA82EB /* Main.storyboard */,
				553295A327DCC00A00DA82EB /* LaunchScreen.storyboard */,
				553426F727DD353B0079F268 /* Dashboard.storyboard */,
				554F797D27DE8C73003A97C4 /* callAnalysis.storyboard */,
			);
			path = storyboards;
			sourceTree = "<group>";
		};
		553295B227DCC07800DA82EB /* Models */ = {
			isa = PBXGroup;
			children = (
				553295B827DCC0AA00DA82EB /* initialMod.swift */,
				5556C47227ECC5E000B7967D /* YAxisData.swift */,
				5556C47A27ED2D8D00B7967D /* XAxisData.swift */,
			);
			path = Models;
			sourceTree = "<group>";
		};
		553295B327DCC08100DA82EB /* Presenters */ = {
			isa = PBXGroup;
			children = (
				553295B427DCC09200DA82EB /* initialPre.swift */,
				554F797327DE4715003A97C4 /* DashboardPresenter.swift */,
			);
			path = Presenters;
			sourceTree = "<group>";
		};
		553295BC27DCC0D900DA82EB /* Managers */ = {
			isa = PBXGroup;
			children = (
				553295BE27DCC2F100DA82EB /* AuthManager.swift */,
			);
			path = Managers;
			sourceTree = "<group>";
		};
		554F797627DE5A44003A97C4 /* Dashboard */ = {
			isa = PBXGroup;
			children = (
				554F797727DE5A61003A97C4 /* RecommendationCell.swift */,
			);
			path = Dashboard;
			sourceTree = "<group>";
		};
		5562766B27DCCEAD00012A49 /* Dashboard */ = {
			isa = PBXGroup;
			children = (
				5562766C27DCCEC700012A49 /* DashboardVC.swift */,
			);
			path = Dashboard;
			sourceTree = "<group>";
		};
		55796A4F27E0303600FAAF89 /* Fonts */ = {
			isa = PBXGroup;
			children = (
				55796A5027E0303600FAAF89 /* CircularStd-Black.otf */,
				55796A5127E0303600FAAF89 /* CircularStd-Bold.otf */,
				55796A5227E0303600FAAF89 /* CircularStd-Medium.otf */,
				55796A5327E0303600FAAF89 /* CircularStd-Light.otf */,
			);
			path = Fonts;
			sourceTree = "<group>";
		};
		827B0E5EE63CB8E71659C4B0 /* Pods */ = {
			isa = PBXGroup;
			children = (
				6201F5B463AF82A4F3CC9F24 /* Pods-EmotionDetectionApp.debug.xcconfig */,
				11AA4048ED81DE6D8466CF6F /* Pods-EmotionDetectionApp.release.xcconfig */,
			);
			path = Pods;
			sourceTree = "<group>";
		};
/* End PBXGroup section */

/* Begin PBXNativeTarget section */
		5532959427DCC00700DA82EB /* EmotionDetectionApp */ = {
			isa = PBXNativeTarget;
			buildConfigurationList = 553295A927DCC00A00DA82EB /* Build configuration list for PBXNativeTarget "EmotionDetectionApp" */;
			buildPhases = (
				D082E24D52338AD025382FA8 /* [CP] Check Pods Manifest.lock */,
				5532959127DCC00700DA82EB /* Sources */,
				5532959227DCC00700DA82EB /* Frameworks */,
				5532959327DCC00700DA82EB /* Resources */,
				A260435C088B4EED3D0271D1 /* [CP] Embed Pods Frameworks */,
			);
			buildRules = (
			);
			dependencies = (
			);
			name = EmotionDetectionApp;
			productName = EmotionDetectionApp;
			productReference = 5532959527DCC00700DA82EB /* EmotionDetectionApp.app */;
			productType = "com.apple.product-type.application";
		};
/* End PBXNativeTarget section */

/* Begin PBXProject section */
		5532958D27DCC00700DA82EB /* Project object */ = {
			isa = PBXProject;
			attributes = {
				LastSwiftUpdateCheck = 1240;
				LastUpgradeCheck = 1240;
				TargetAttributes = {
					5532959427DCC00700DA82EB = {
						CreatedOnToolsVersion = 12.4;
					};
				};
			};
			buildConfigurationList = 5532959027DCC00700DA82EB /* Build configuration list for PBXProject "EmotionDetectionApp" */;
			compatibilityVersion = "Xcode 9.3";
			developmentRegion = en;
			hasScannedForEncodings = 0;
			knownRegions = (
				en,
				Base,
			);
			mainGroup = 5532958C27DCC00700DA82EB;
			productRefGroup = 5532959627DCC00700DA82EB /* Products */;
			projectDirPath = "";
			projectRoot = "";
			targets = (
				5532959427DCC00700DA82EB /* EmotionDetectionApp */,
			);
		};
/* End PBXProject section */

/* Begin PBXResourcesBuildPhase section */
		5532959327DCC00700DA82EB /* Resources */ = {
			isa = PBXResourcesBuildPhase;
			buildActionMask = 2147483647;
			files = (
				55796A5727E0303600FAAF89 /* CircularStd-Light.otf in Resources */,
				55796A5427E0303600FAAF89 /* CircularStd-Black.otf in Resources */,
				553295A527DCC00A00DA82EB /* LaunchScreen.storyboard in Resources */,
				554F797E27DE8C73003A97C4 /* callAnalysis.storyboard in Resources */,
				55796A5627E0303600FAAF89 /* CircularStd-Medium.otf in Resources */,
				553295A227DCC00A00DA82EB /* Assets.xcassets in Resources */,
				553295A027DCC00700DA82EB /* Main.storyboard in Resources */,
				553426F827DD353B0079F268 /* Dashboard.storyboard in Resources */,
				55796A5527E0303600FAAF89 /* CircularStd-Bold.otf in Resources */,
			);
			runOnlyForDeploymentPostprocessing = 0;
		};
/* End PBXResourcesBuildPhase section */

/* Begin PBXShellScriptBuildPhase section */
		A260435C088B4EED3D0271D1 /* [CP] Embed Pods Frameworks */ = {
			isa = PBXShellScriptBuildPhase;
			buildActionMask = 2147483647;
			files = (
			);
			inputFileListPaths = (
				"${PODS_ROOT}/Target Support Files/Pods-EmotionDetectionApp/Pods-EmotionDetectionApp-frameworks-${CONFIGURATION}-input-files.xcfilelist",
			);
			name = "[CP] Embed Pods Frameworks";
			outputFileListPaths = (
				"${PODS_ROOT}/Target Support Files/Pods-EmotionDetectionApp/Pods-EmotionDetectionApp-frameworks-${CONFIGURATION}-output-files.xcfilelist",
			);
			runOnlyForDeploymentPostprocessing = 0;
			shellPath = /bin/sh;
			shellScript = "\"${PODS_ROOT}/Target Support Files/Pods-EmotionDetectionApp/Pods-EmotionDetectionApp-frameworks.sh\"\n";
			showEnvVarsInLog = 0;
		};
		D082E24D52338AD025382FA8 /* [CP] Check Pods Manifest.lock */ = {
			isa = PBXShellScriptBuildPhase;
			buildActionMask = 2147483647;
			files = (
			);
			inputFileListPaths = (
			);
			inputPaths = (
				"${PODS_PODFILE_DIR_PATH}/Podfile.lock",
				"${PODS_ROOT}/Manifest.lock",
			);
			name = "[CP] Check Pods Manifest.lock";
			outputFileListPaths = (
			);
			outputPaths = (
				"$(DERIVED_FILE_DIR)/Pods-EmotionDetectionApp-checkManifestLockResult.txt",
			);
			runOnlyForDeploymentPostprocessing = 0;
			shellPath = /bin/sh;
			shellScript = "diff \"${PODS_PODFILE_DIR_PATH}/Podfile.lock\" \"${PODS_ROOT}/Manifest.lock\" > /dev/null\nif [ $? != 0 ] ; then\n    # print error to STDERR\n    echo \"error: The sandbox is not in sync with the Podfile.lock. Run 'pod install' or update your CocoaPods installation.\" >&2\n    exit 1\nfi\n# This output is used by Xcode 'outputs' to avoid re-running this script phase.\necho \"SUCCESS\" > \"${SCRIPT_OUTPUT_FILE_0}\"\n";
			showEnvVarsInLog = 0;
		};
/* End PBXShellScriptBuildPhase section */

/* Begin PBXSourcesBuildPhase section */
		5532959127DCC00700DA82EB /* Sources */ = {
			isa = PBXSourcesBuildPhase;
			buildActionMask = 2147483647;
			files = (
				553426FC27DD5B950079F268 /* Extenstions.swift in Sources */,
				553295B527DCC09200DA82EB /* initialPre.swift in Sources */,
				553295BF27DCC2F100DA82EB /* AuthManager.swift in Sources */,
				5562766D27DCCEC700012A49 /* DashboardVC.swift in Sources */,
				553295B927DCC0AA00DA82EB /* initialMod.swift in Sources */,
				5556C47327ECC5E000B7967D /* YAxisData.swift in Sources */,
				554F797427DE4715003A97C4 /* DashboardPresenter.swift in Sources */,
				5532959D27DCC00700DA82EB /* ViewController.swift in Sources */,
				5532959927DCC00700DA82EB /* AppDelegate.swift in Sources */,
				554F797827DE5A61003A97C4 /* RecommendationCell.swift in Sources */,
				5532959B27DCC00700DA82EB /* SceneDelegate.swift in Sources */,
				5556C47B27ED2D8D00B7967D /* XAxisData.swift in Sources */,
			);
			runOnlyForDeploymentPostprocessing = 0;
		};
/* End PBXSourcesBuildPhase section */

/* Begin PBXVariantGroup section */
		5532959E27DCC00700DA82EB /* Main.storyboard */ = {
			isa = PBXVariantGroup;
			children = (
				5532959F27DCC00700DA82EB /* Base */,
			);
			name = Main.storyboard;
			sourceTree = "<group>";
		};
		553295A327DCC00A00DA82EB /* LaunchScreen.storyboard */ = {
			isa = PBXVariantGroup;
			children = (
				553295A427DCC00A00DA82EB /* Base */,
			);
			name = LaunchScreen.storyboard;
			sourceTree = "<group>";
		};
/* End PBXVariantGroup section */

/* Begin XCBuildConfiguration section */
		553295A727DCC00A00DA82EB /* Debug */ = {
			isa = XCBuildConfiguration;
			buildSettings = {
				ALWAYS_SEARCH_USER_PATHS = NO;
				CLANG_ANALYZER_NONNULL = YES;
				CLANG_ANALYZER_NUMBER_OBJECT_CONVERSION = YES_AGGRESSIVE;
				CLANG_CXX_LANGUAGE_STANDARD = "gnu++14";
				CLANG_CXX_LIBRARY = "libc++";
				CLANG_ENABLE_MODULES = YES;
				CLANG_ENABLE_OBJC_ARC = YES;
				CLANG_ENABLE_OBJC_WEAK = YES;
				CLANG_WARN_BLOCK_CAPTURE_AUTORELEASING = YES;
				CLANG_WARN_BOOL_CONVERSION = YES;
				CLANG_WARN_COMMA = YES;
				CLANG_WARN_CONSTANT_CONVERSION = YES;
				CLANG_WARN_DEPRECATED_OBJC_IMPLEMENTATIONS = YES;
				CLANG_WARN_DIRECT_OBJC_ISA_USAGE = YES_ERROR;
				CLANG_WARN_DOCUMENTATION_COMMENTS = YES;
				CLANG_WARN_EMPTY_BODY = YES;
				CLANG_WARN_ENUM_CONVERSION = YES;
				CLANG_WARN_INFINITE_RECURSION = YES;
				CLANG_WARN_INT_CONVERSION = YES;
				CLANG_WARN_NON_LITERAL_NULL_CONVERSION = YES;
				CLANG_WARN_OBJC_IMPLICIT_RETAIN_SELF = YES;
				CLANG_WARN_OBJC_LITERAL_CONVERSION = YES;
				CLANG_WARN_OBJC_ROOT_CLASS = YES_ERROR;
				CLANG_WARN_QUOTED_INCLUDE_IN_FRAMEWORK_HEADER = YES;
				CLANG_WARN_RANGE_LOOP_ANALYSIS = YES;
				CLANG_WARN_STRICT_PROTOTYPES = YES;
				CLANG_WARN_SUSPICIOUS_MOVE = YES;
				CLANG_WARN_UNGUARDED_AVAILABILITY = YES_AGGRESSIVE;
				CLANG_WARN_UNREACHABLE_CODE = YES;
				CLANG_WARN__DUPLICATE_METHOD_MATCH = YES;
				COPY_PHASE_STRIP = NO;
				DEBUG_INFORMATION_FORMAT = dwarf;
				ENABLE_STRICT_OBJC_MSGSEND = YES;
				ENABLE_TESTABILITY = YES;
				GCC_C_LANGUAGE_STANDARD = gnu11;
				GCC_DYNAMIC_NO_PIC = NO;
				GCC_NO_COMMON_BLOCKS = YES;
				GCC_OPTIMIZATION_LEVEL = 0;
				GCC_PREPROCESSOR_DEFINITIONS = (
					"DEBUG=1",
					"$(inherited)",
				);
				GCC_WARN_64_TO_32_BIT_CONVERSION = YES;
				GCC_WARN_ABOUT_RETURN_TYPE = YES_ERROR;
				GCC_WARN_UNDECLARED_SELECTOR = YES;
				GCC_WARN_UNINITIALIZED_AUTOS = YES_AGGRESSIVE;
				GCC_WARN_UNUSED_FUNCTION = YES;
				GCC_WARN_UNUSED_VARIABLE = YES;
				IPHONEOS_DEPLOYMENT_TARGET = 13.0;
				MTL_ENABLE_DEBUG_INFO = INCLUDE_SOURCE;
				MTL_FAST_MATH = YES;
				ONLY_ACTIVE_ARCH = YES;
				SDKROOT = iphoneos;
				SWIFT_ACTIVE_COMPILATION_CONDITIONS = DEBUG;
				SWIFT_OPTIMIZATION_LEVEL = "-Onone";
			};
			name = Debug;
		};
		553295A827DCC00A00DA82EB /* Release */ = {
			isa = XCBuildConfiguration;
			buildSettings = {
				ALWAYS_SEARCH_USER_PATHS = NO;
				CLANG_ANALYZER_NONNULL = YES;
				CLANG_ANALYZER_NUMBER_OBJECT_CONVERSION = YES_AGGRESSIVE;
				CLANG_CXX_LANGUAGE_STANDARD = "gnu++14";
				CLANG_CXX_LIBRARY = "libc++";
				CLANG_ENABLE_MODULES = YES;
				CLANG_ENABLE_OBJC_ARC = YES;
				CLANG_ENABLE_OBJC_WEAK = YES;
				CLANG_WARN_BLOCK_CAPTURE_AUTORELEASING = YES;
				CLANG_WARN_BOOL_CONVERSION = YES;
				CLANG_WARN_COMMA = YES;
				CLANG_WARN_CONSTANT_CONVERSION = YES;
				CLANG_WARN_DEPRECATED_OBJC_IMPLEMENTATIONS = YES;
				CLANG_WARN_DIRECT_OBJC_ISA_USAGE = YES_ERROR;
				CLANG_WARN_DOCUMENTATION_COMMENTS = YES;
				CLANG_WARN_EMPTY_BODY = YES;
				CLANG_WARN_ENUM_CONVERSION = YES;
				CLANG_WARN_INFINITE_RECURSION = YES;
				CLANG_WARN_INT_CONVERSION = YES;
				CLANG_WARN_NON_LITERAL_NULL_CONVERSION = YES;
				CLANG_WARN_OBJC_IMPLICIT_RETAIN_SELF = YES;
				CLANG_WARN_OBJC_LITERAL_CONVERSION = YES;
				CLANG_WARN_OBJC_ROOT_CLASS = YES_ERROR;
				CLANG_WARN_QUOTED_INCLUDE_IN_FRAMEWORK_HEADER = YES;
				CLANG_WARN_RANGE_LOOP_ANALYSIS = YES;
				CLANG_WARN_STRICT_PROTOTYPES = YES;
				CLANG_WARN_SUSPICIOUS_MOVE = YES;
				CLANG_WARN_UNGUARDED_AVAILABILITY = YES_AGGRESSIVE;
				CLANG_WARN_UNREACHABLE_CODE = YES;
				CLANG_WARN__DUPLICATE_METHOD_MATCH = YES;
				COPY_PHASE_STRIP = NO;
				DEBUG_INFORMATION_FORMAT = "dwarf-with-dsym";
				ENABLE_NS_ASSERTIONS = NO;
				ENABLE_STRICT_OBJC_MSGSEND = YES;
				GCC_C_LANGUAGE_STANDARD = gnu11;
				GCC_NO_COMMON_BLOCKS = YES;
				GCC_WARN_64_TO_32_BIT_CONVERSION = YES;
				GCC_WARN_ABOUT_RETURN_TYPE = YES_ERROR;
				GCC_WARN_UNDECLARED_SELECTOR = YES;
				GCC_WARN_UNINITIALIZED_AUTOS = YES_AGGRESSIVE;
				GCC_WARN_UNUSED_FUNCTION = YES;
				GCC_WARN_UNUSED_VARIABLE = YES;
				IPHONEOS_DEPLOYMENT_TARGET = 13.0;
				MTL_ENABLE_DEBUG_INFO = NO;
				MTL_FAST_MATH = YES;
				SDKROOT = iphoneos;
				SWIFT_COMPILATION_MODE = wholemodule;
				SWIFT_OPTIMIZATION_LEVEL = "-O";
				VALIDATE_PRODUCT = YES;
			};
			name = Release;
		};
		553295AA27DCC00A00DA82EB /* Debug */ = {
			isa = XCBuildConfiguration;
			baseConfigurationReference = 6201F5B463AF82A4F3CC9F24 /* Pods-EmotionDetectionApp.debug.xcconfig */;
			buildSettings = {
				ASSETCATALOG_COMPILER_APPICON_NAME = AppIcon;
				ASSETCATALOG_COMPILER_GLOBAL_ACCENT_COLOR_NAME = AccentColor;
				CODE_SIGN_STYLE = Automatic;
				DEVELOPMENT_TEAM = TCD4XHJF85;
				INFOPLIST_FILE = EmotionDetectionApp/Info.plist;
				IPHONEOS_DEPLOYMENT_TARGET = 13.0;
				LD_RUNPATH_SEARCH_PATHS = (
					"$(inherited)",
					"@executable_path/Frameworks",
				);
				PRODUCT_BUNDLE_IDENTIFIER = co.sliem.EmotionDetectionApp;
				PRODUCT_NAME = "$(TARGET_NAME)";
				SWIFT_VERSION = 5.0;
				TARGETED_DEVICE_FAMILY = 1;
			};
			name = Debug;
		};
		553295AB27DCC00A00DA82EB /* Release */ = {
			isa = XCBuildConfiguration;
			baseConfigurationReference = 11AA4048ED81DE6D8466CF6F /* Pods-EmotionDetectionApp.release.xcconfig */;
			buildSettings = {
				ASSETCATALOG_COMPILER_APPICON_NAME = AppIcon;
				ASSETCATALOG_COMPILER_GLOBAL_ACCENT_COLOR_NAME = AccentColor;
				CODE_SIGN_STYLE = Automatic;
				DEVELOPMENT_TEAM = TCD4XHJF85;
				INFOPLIST_FILE = EmotionDetectionApp/Info.plist;
				IPHONEOS_DEPLOYMENT_TARGET = 13.0;
				LD_RUNPATH_SEARCH_PATHS = (
					"$(inherited)",
					"@executable_path/Frameworks",
				);
				PRODUCT_BUNDLE_IDENTIFIER = co.sliem.EmotionDetectionApp;
				PRODUCT_NAME = "$(TARGET_NAME)";
				SWIFT_VERSION = 5.0;
				TARGETED_DEVICE_FAMILY = 1;
			};
			name = Release;
		};
/* End XCBuildConfiguration section */

/* Begin XCConfigurationList section */
		5532959027DCC00700DA82EB /* Build configuration list for PBXProject "EmotionDetectionApp" */ = {
			isa = XCConfigurationList;
			buildConfigurations = (
				553295A727DCC00A00DA82EB /* Debug */,
				553295A827DCC00A00DA82EB /* Release */,
			);
			defaultConfigurationIsVisible = 0;
			defaultConfigurationName = Release;
		};
		553295A927DCC00A00DA82EB /* Build configuration list for PBXNativeTarget "EmotionDetectionApp" */ = {
			isa = XCConfigurationList;
			buildConfigurations = (
				553295AA27DCC00A00DA82EB /* Debug */,
				553295AB27DCC00A00DA82EB /* Release */,
			);
			defaultConfigurationIsVisible = 0;
			defaultConfigurationName = Release;
		};
/* End XCConfigurationList section */
	};
	rootObject = 5532958D27DCC00700DA82EB /* Project object */;
}
